
Microsoft Visual Studio Solution File, Format Version 12.00
# Visual Studio Version 17
VisualStudioVersion = 17.0.32112.339
MinimumVisualStudioVersion = 10.0.40219.1
Project("{FAE04EC0-301F-11D3-BF4B-00C04F79EFBC}") = "TobbAblakos", "TobbAblakos.csproj", "{5E53BCD2-57CD-44CA-ACCE-CA9A747DEAC4}"
EndProject
Global
	GlobalSection(SolutionConfigurationPlatforms) = preSolution
		Debug|Any CPU = Debug|Any CPU
		Release|Any CPU = Release|Any CPU
	EndGlobalSection
	GlobalSection(ProjectConfigurationPlatforms) = postSolution
		{5E53BCD2-57CD-44CA-ACCE-CA9A747DEAC4}.Debug|Any CPU.ActiveCfg = Debug|Any CPU
		{5E53BCD2-57CD-44CA-ACCE-CA9A747DEAC4}.Debug|Any CPU.Build.0 = Debug|Any CPU
		{5E53BCD2-57CD-44CA-ACCE-CA9A747DEAC4}.Release|Any CPU.ActiveCfg = Release|Any CPU
		{5E53BCD2-57CD-44CA-ACCE-CA9A747DEAC4}.Release|Any CPU.Build.0 = Release|Any CPU
	EndGlobalSection
	GlobalSection(SolutionProperties) = preSolution
		HideSolutionNode = FALSE
	EndGlobalSection
	GlobalSection(ExtensibilityGlobals) = postSolution
		SolutionGuid = {CED54677-6878-4FD7-B7F5-7ADB29BF9E0A}
	EndGlobalSection
EndGlobal
